
Microsoft Visual Studio Solution File, Format Version 12.00
# Visual Studio Version 17
VisualStudioVersion = 17.9.34902.65
MinimumVisualStudioVersion = 10.0.40219.1
Project("{9A19103F-16F7-4668-BE54-9A1E7A4F7556}") = "IMS", "IMS\IMS.csproj", "{B62ECAF1-EF1C-4281-AF16-F7692CF2A642}"
EndProject
Project("{9A19103F-16F7-4668-BE54-9A1E7A4F7556}") = "DataLayer", "DataLayer\DataLayer.csproj", "{39BB57F0-26D6-48AD-B401-7FE360F5228A}"
EndProject
Project("{9A19103F-16F7-4668-BE54-9A1E7A4F7556}") = "ServiceLayer", "ServiceLayer\ServiceLayer.csproj", "{98F5DF1F-05C4-4913-B528-F2A1D0EFA5CC}"
EndProject
Project("{FAE04EC0-301F-11D3-BF4B-00C04F79EFBC}") = "Shared", "Shared\Shared.csproj", "{AFDF4DE5-1E33-4D6D-BD84-B76BD6A314B7}"
EndProject
Global
	GlobalSection(SolutionConfigurationPlatforms) = preSolution
		Debug|Any CPU = Debug|Any CPU
		Release|Any CPU = Release|Any CPU
	EndGlobalSection
	GlobalSection(ProjectConfigurationPlatforms) = postSolution
		{B62ECAF1-EF1C-4281-AF16-F7692CF2A642}.Debug|Any CPU.ActiveCfg = Debug|Any CPU
		{B62ECAF1-EF1C-4281-AF16-F7692CF2A642}.Debug|Any CPU.Build.0 = Debug|Any CPU
		{B62ECAF1-EF1C-4281-AF16-F7692CF2A642}.Release|Any CPU.ActiveCfg = Release|Any CPU
		{B62ECAF1-EF1C-4281-AF16-F7692CF2A642}.Release|Any CPU.Build.0 = Release|Any CPU
		{39BB57F0-26D6-48AD-B401-7FE360F5228A}.Debug|Any CPU.ActiveCfg = Debug|Any CPU
		{39BB57F0-26D6-48AD-B401-7FE360F5228A}.Debug|Any CPU.Build.0 = Debug|Any CPU
		{39BB57F0-26D6-48AD-B401-7FE360F5228A}.Release|Any CPU.ActiveCfg = Release|Any CPU
		{39BB57F0-26D6-48AD-B401-7FE360F5228A}.Release|Any CPU.Build.0 = Release|Any CPU
		{98F5DF1F-05C4-4913-B528-F2A1D0EFA5CC}.Debug|Any CPU.ActiveCfg = Debug|Any CPU
		{98F5DF1F-05C4-4913-B528-F2A1D0EFA5CC}.Debug|Any CPU.Build.0 = Debug|Any CPU
		{98F5DF1F-05C4-4913-B528-F2A1D0EFA5CC}.Release|Any CPU.ActiveCfg = Release|Any CPU
		{98F5DF1F-05C4-4913-B528-F2A1D0EFA5CC}.Release|Any CPU.Build.0 = Release|Any CPU
		{AFDF4DE5-1E33-4D6D-BD84-B76BD6A314B7}.Debug|Any CPU.ActiveCfg = Debug|Any CPU
		{AFDF4DE5-1E33-4D6D-BD84-B76BD6A314B7}.Debug|Any CPU.Build.0 = Debug|Any CPU
		{AFDF4DE5-1E33-4D6D-BD84-B76BD6A314B7}.Release|Any CPU.ActiveCfg = Release|Any CPU
		{AFDF4DE5-1E33-4D6D-BD84-B76BD6A314B7}.Release|Any CPU.Build.0 = Release|Any CPU
	EndGlobalSection
	GlobalSection(SolutionProperties) = preSolution
		HideSolutionNode = FALSE
	EndGlobalSection
	GlobalSection(ExtensibilityGlobals) = postSolution
		SolutionGuid = {5841D0B3-3189-4560-9308-FE644C785DF1}
	EndGlobalSection
EndGlobal
